
Microsoft Visual Studio Solution File, Format Version 12.00
# Visual Studio Version 16
VisualStudioVersion = 16.0.32126.315
MinimumVisualStudioVersion = 10.0.40219.1
Project("{FAE04EC0-301F-11D3-BF4B-00C04F79EFBC}") = "Contoso_University", "Contoso_University\Contoso_University.csproj", "{76895CDD-6A62-465D-97E1-E06B85CC1359}"
EndProject
Global
	GlobalSection(SolutionConfigurationPlatforms) = preSolution
		Debug|Any CPU = Debug|Any CPU
		Release|Any CPU = Release|Any CPU
	EndGlobalSection
	GlobalSection(ProjectConfigurationPlatforms) = postSolution
		{76895CDD-6A62-465D-97E1-E06B85CC1359}.Debug|Any CPU.ActiveCfg = Debug|Any CPU
		{76895CDD-6A62-465D-97E1-E06B85CC1359}.Debug|Any CPU.Build.0 = Debug|Any CPU
		{76895CDD-6A62-465D-97E1-E06B85CC1359}.Release|Any CPU.ActiveCfg = Release|Any CPU
		{76895CDD-6A62-465D-97E1-E06B85CC1359}.Release|Any CPU.Build.0 = Release|Any CPU
	EndGlobalSection
	GlobalSection(SolutionProperties) = preSolution
		HideSolutionNode = FALSE
	EndGlobalSection
	GlobalSection(ExtensibilityGlobals) = postSolution
		SolutionGuid = {4D6FD98D-3D17-4448-B953-4803B68A9E81}
	EndGlobalSection
EndGlobal
